
Microsoft Visual Studio Solution File, Format Version 12.00
# Visual Studio Version 16
VisualStudioVersion = 16.0.31829.152
MinimumVisualStudioVersion = 10.0.40219.1
Project("{FAE04EC0-301F-11D3-BF4B-00C04F79EFBC}") = "AzureTable", "AzureTable\AzureTable.csproj", "{CEC4E3DB-7F75-4049-AC84-5EB49D6E6723}"
EndProject
Global
	GlobalSection(SolutionConfigurationPlatforms) = preSolution
		Debug|Any CPU = Debug|Any CPU
		Release|Any CPU = Release|Any CPU
	EndGlobalSection
	GlobalSection(ProjectConfigurationPlatforms) = postSolution
		{CEC4E3DB-7F75-4049-AC84-5EB49D6E6723}.Debug|Any CPU.ActiveCfg = Debug|Any CPU
		{CEC4E3DB-7F75-4049-AC84-5EB49D6E6723}.Debug|Any CPU.Build.0 = Debug|Any CPU
		{CEC4E3DB-7F75-4049-AC84-5EB49D6E6723}.Release|Any CPU.ActiveCfg = Release|Any CPU
		{CEC4E3DB-7F75-4049-AC84-5EB49D6E6723}.Release|Any CPU.Build.0 = Release|Any CPU
	EndGlobalSection
	GlobalSection(SolutionProperties) = preSolution
		HideSolutionNode = FALSE
	EndGlobalSection
	GlobalSection(ExtensibilityGlobals) = postSolution
		SolutionGuid = {04EC0AF5-66FC-473E-9DF0-743F804A1D2F}
	EndGlobalSection
EndGlobal
